// !$*UTF8*$!
{
	archiveVersion = 1;
	classes = {
	};
	objectVersion = 55;
	objects = {

/* Begin PBXBuildFile section */
		9368DE9C2927D699002F5DA4 /* Color+.swift in Sources */ = {isa = PBXBuildFile; fileRef = 9368DE9B2927D699002F5DA4 /* Color+.swift */; };
		9368DEA02927D705002F5DA4 /* WeatherModel.swift in Sources */ = {isa = PBXBuildFile; fileRef = 9368DE9F2927D705002F5DA4 /* WeatherModel.swift */; };
		9368DEA92927DD80002F5DA4 /* WeatherService.swift in Sources */ = {isa = PBXBuildFile; fileRef = 9368DEA82927DD80002F5DA4 /* WeatherService.swift */; };
		9D54F85728C4A445002005AA /* hwtdrssApp.swift in Sources */ = {isa = PBXBuildFile; fileRef = 9D54F85628C4A445002005AA /* hwtdrssApp.swift */; };
		9D54F85928C4A445002005AA /* ContentView.swift in Sources */ = {isa = PBXBuildFile; fileRef = 9D54F85828C4A445002005AA /* ContentView.swift */; };
		9D54F85B28C4A44C002005AA /* Assets.xcassets in Resources */ = {isa = PBXBuildFile; fileRef = 9D54F85A28C4A44C002005AA /* Assets.xcassets */; };
		9D54F86828C4A44D002005AA /* hwtdrssTests.swift in Sources */ = {isa = PBXBuildFile; fileRef = 9D54F86728C4A44D002005AA /* hwtdrssTests.swift */; };
		9D54F87228C4A44D002005AA /* hwtdrssUITests.swift in Sources */ = {isa = PBXBuildFile; fileRef = 9D54F87128C4A44D002005AA /* hwtdrssUITests.swift */; };
		9D54F87428C4A44D002005AA /* hwtdrssUITestsLaunchTests.swift in Sources */ = {isa = PBXBuildFile; fileRef = 9D54F87328C4A44D002005AA /* hwtdrssUITestsLaunchTests.swift */; };
		9D78481828CE5D9300FD2181 /* ProfileView.swift in Sources */ = {isa = PBXBuildFile; fileRef = 9D78481728CE5D9200FD2181 /* ProfileView.swift */; };
		9DBC3A9828CA4E5E00A3250F /* Launch Screen.storyboard in Resources */ = {isa = PBXBuildFile; fileRef = 9DBC3A9728CA4E5E00A3250F /* Launch Screen.storyboard */; };
		9DBC3AA228CA732C00A3250F /* LaunchScreenView.swift in Sources */ = {isa = PBXBuildFile; fileRef = 9DBC3AA128CA732C00A3250F /* LaunchScreenView.swift */; };
		9DCCDC5028D64E4C0031C067 /* SettingsView.swift in Sources */ = {isa = PBXBuildFile; fileRef = 9DCCDC4F28D64E4C0031C067 /* SettingsView.swift */; };
		9DFBE98929282CDB003F2316 /* AdviceService.swift in Sources */ = {isa = PBXBuildFile; fileRef = 9DFBE98829282CDB003F2316 /* AdviceService.swift */; };
		9DFBE98B29282DA2003F2316 /* AdviceModel.swift in Sources */ = {isa = PBXBuildFile; fileRef = 9DFBE98A29282DA2003F2316 /* AdviceModel.swift */; };
/* End PBXBuildFile section */

/* Begin PBXContainerItemProxy section */
		9D54F86428C4A44D002005AA /* PBXContainerItemProxy */ = {
			isa = PBXContainerItemProxy;
			containerPortal = 9D54F84B28C4A444002005AA /* Project object */;
			proxyType = 1;
			remoteGlobalIDString = 9D54F85228C4A444002005AA;
			remoteInfo = hwtdrss;
		};
		9D54F86E28C4A44D002005AA /* PBXContainerItemProxy */ = {
			isa = PBXContainerItemProxy;
			containerPortal = 9D54F84B28C4A444002005AA /* Project object */;
			proxyType = 1;
			remoteGlobalIDString = 9D54F85228C4A444002005AA;
			remoteInfo = hwtdrss;
		};
/* End PBXContainerItemProxy section */

/* Begin PBXFileReference section */
		9368DE9B2927D699002F5DA4 /* Color+.swift */ = {isa = PBXFileReference; lastKnownFileType = sourcecode.swift; path = "Color+.swift"; sourceTree = "<group>"; };
		9368DE9F2927D705002F5DA4 /* WeatherModel.swift */ = {isa = PBXFileReference; lastKnownFileType = sourcecode.swift; path = WeatherModel.swift; sourceTree = "<group>"; };
		9368DEA82927DD80002F5DA4 /* WeatherService.swift */ = {isa = PBXFileReference; lastKnownFileType = sourcecode.swift; path = WeatherService.swift; sourceTree = "<group>"; };
		9D54F85328C4A444002005AA /* hwtdrss.app */ = {isa = PBXFileReference; explicitFileType = wrapper.application; includeInIndex = 0; path = hwtdrss.app; sourceTree = BUILT_PRODUCTS_DIR; };
		9D54F85628C4A445002005AA /* hwtdrssApp.swift */ = {isa = PBXFileReference; lastKnownFileType = sourcecode.swift; path = hwtdrssApp.swift; sourceTree = "<group>"; };
		9D54F85828C4A445002005AA /* ContentView.swift */ = {isa = PBXFileReference; lastKnownFileType = sourcecode.swift; path = ContentView.swift; sourceTree = "<group>"; };
		9D54F85A28C4A44C002005AA /* Assets.xcassets */ = {isa = PBXFileReference; lastKnownFileType = folder.assetcatalog; path = Assets.xcassets; sourceTree = "<group>"; };
		9D54F86328C4A44D002005AA /* hwtdrssTests.xctest */ = {isa = PBXFileReference; explicitFileType = wrapper.cfbundle; includeInIndex = 0; path = hwtdrssTests.xctest; sourceTree = BUILT_PRODUCTS_DIR; };
		9D54F86728C4A44D002005AA /* hwtdrssTests.swift */ = {isa = PBXFileReference; lastKnownFileType = sourcecode.swift; path = hwtdrssTests.swift; sourceTree = "<group>"; };
		9D54F86D28C4A44D002005AA /* hwtdrssUITests.xctest */ = {isa = PBXFileReference; explicitFileType = wrapper.cfbundle; includeInIndex = 0; path = hwtdrssUITests.xctest; sourceTree = BUILT_PRODUCTS_DIR; };
		9D54F87128C4A44D002005AA /* hwtdrssUITests.swift */ = {isa = PBXFileReference; lastKnownFileType = sourcecode.swift; path = hwtdrssUITests.swift; sourceTree = "<group>"; };
		9D54F87328C4A44D002005AA /* hwtdrssUITestsLaunchTests.swift */ = {isa = PBXFileReference; lastKnownFileType = sourcecode.swift; path = hwtdrssUITestsLaunchTests.swift; sourceTree = "<group>"; };
		9D78481728CE5D9200FD2181 /* ProfileView.swift */ = {isa = PBXFileReference; lastKnownFileType = sourcecode.swift; path = ProfileView.swift; sourceTree = "<group>"; };
		9DBC3A9728CA4E5E00A3250F /* Launch Screen.storyboard */ = {isa = PBXFileReference; lastKnownFileType = file.storyboard; path = "Launch Screen.storyboard"; sourceTree = "<group>"; };
		9DBC3AA028CA720000A3250F /* Info.plist */ = {isa = PBXFileReference; lastKnownFileType = text.plist; path = Info.plist; sourceTree = "<group>"; };
		9DBC3AA128CA732C00A3250F /* LaunchScreenView.swift */ = {isa = PBXFileReference; lastKnownFileType = sourcecode.swift; path = LaunchScreenView.swift; sourceTree = "<group>"; };
		9DCCDC4F28D64E4C0031C067 /* SettingsView.swift */ = {isa = PBXFileReference; lastKnownFileType = sourcecode.swift; path = SettingsView.swift; sourceTree = "<group>"; };
		9DFBE98829282CDB003F2316 /* AdviceService.swift */ = {isa = PBXFileReference; lastKnownFileType = sourcecode.swift; path = AdviceService.swift; sourceTree = "<group>"; };
		9DFBE98A29282DA2003F2316 /* AdviceModel.swift */ = {isa = PBXFileReference; lastKnownFileType = sourcecode.swift; path = AdviceModel.swift; sourceTree = "<group>"; };
/* End PBXFileReference section */

/* Begin PBXFrameworksBuildPhase section */
		9D54F85028C4A444002005AA /* Frameworks */ = {
			isa = PBXFrameworksBuildPhase;
			buildActionMask = 2147483647;
			files = (
			);
			runOnlyForDeploymentPostprocessing = 0;
		};
		9D54F86028C4A44D002005AA /* Frameworks */ = {
			isa = PBXFrameworksBuildPhase;
			buildActionMask = 2147483647;
			files = (
			);
			runOnlyForDeploymentPostprocessing = 0;
		};
		9D54F86A28C4A44D002005AA /* Frameworks */ = {
			isa = PBXFrameworksBuildPhase;
			buildActionMask = 2147483647;
			files = (
			);
			runOnlyForDeploymentPostprocessing = 0;
		};
/* End PBXFrameworksBuildPhase section */

/* Begin PBXGroup section */
		9368DE9D2927D6B5002F5DA4 /* Profile */ = {
			isa = PBXGroup;
			children = (
				9D78481728CE5D9200FD2181 /* ProfileView.swift */,
			);
			path = Profile;
			sourceTree = "<group>";
		};
		9368DE9E2927D6C1002F5DA4 /* Models */ = {
			isa = PBXGroup;
			children = (
				9368DE9F2927D705002F5DA4 /* WeatherModel.swift */,
				9DFBE98A29282DA2003F2316 /* AdviceModel.swift */,
			);
			path = Models;
			sourceTree = "<group>";
		};
		9368DEA12927D7FD002F5DA4 /* Settings */ = {
			isa = PBXGroup;
			children = (
				9DCCDC4F28D64E4C0031C067 /* SettingsView.swift */,
			);
			path = Settings;
			sourceTree = "<group>";
		};
		9368DEA22927D818002F5DA4 /* Launch */ = {
			isa = PBXGroup;
			children = (
				9DBC3AA128CA732C00A3250F /* LaunchScreenView.swift */,
			);
			path = Launch;
			sourceTree = "<group>";
		};
		9368DEA32927D81F002F5DA4 /* Content */ = {
			isa = PBXGroup;
			children = (
				9D54F85828C4A445002005AA /* ContentView.swift */,
			);
			path = Content;
			sourceTree = "<group>";
		};
		9368DEA42927D827002F5DA4 /* Extensions */ = {
			isa = PBXGroup;
			children = (
				9368DE9B2927D699002F5DA4 /* Color+.swift */,
			);
			path = Extensions;
			sourceTree = "<group>";
		};
		9368DEA52927D87B002F5DA4 /* Views */ = {
			isa = PBXGroup;
			children = (
				9368DEA32927D81F002F5DA4 /* Content */,
				9368DEA22927D818002F5DA4 /* Launch */,
				9368DE9D2927D6B5002F5DA4 /* Profile */,
				9368DEA12927D7FD002F5DA4 /* Settings */,
			);
			path = Views;
			sourceTree = "<group>";
		};
		9368DEA62927D8C3002F5DA4 /* Resorces */ = {
			isa = PBXGroup;
			children = (
				9D54F85A28C4A44C002005AA /* Assets.xcassets */,
			);
			path = Resorces;
			sourceTree = "<group>";
		};
		9368DEA72927DD74002F5DA4 /* Services */ = {
			isa = PBXGroup;
			children = (
				9368DEA82927DD80002F5DA4 /* WeatherService.swift */,
				9DFBE98829282CDB003F2316 /* AdviceService.swift */,
			);
			path = Services;
			sourceTree = "<group>";
		};
		9D54F84A28C4A444002005AA = {
			isa = PBXGroup;
			children = (
				9D54F85528C4A444002005AA /* hwtdrss */,
				9D54F86628C4A44D002005AA /* hwtdrssTests */,
				9D54F87028C4A44D002005AA /* hwtdrssUITests */,
				9D54F85428C4A444002005AA /* Products */,
			);
			sourceTree = "<group>";
		};
		9D54F85428C4A444002005AA /* Products */ = {
			isa = PBXGroup;
			children = (
				9D54F85328C4A444002005AA /* hwtdrss.app */,
				9D54F86328C4A44D002005AA /* hwtdrssTests.xctest */,
				9D54F86D28C4A44D002005AA /* hwtdrssUITests.xctest */,
			);
			name = Products;
			sourceTree = "<group>";
		};
		9D54F85528C4A444002005AA /* hwtdrss */ = {
			isa = PBXGroup;
			children = (
				9DBC3AA028CA720000A3250F /* Info.plist */,
				9DBC3A9728CA4E5E00A3250F /* Launch Screen.storyboard */,
				9D54F85628C4A445002005AA /* hwtdrssApp.swift */,
				9368DEA42927D827002F5DA4 /* Extensions */,
				9368DE9E2927D6C1002F5DA4 /* Models */,
				9368DEA62927D8C3002F5DA4 /* Resorces */,
				9368DEA72927DD74002F5DA4 /* Services */,
				9368DEA52927D87B002F5DA4 /* Views */,
			);
			path = hwtdrss;
			sourceTree = "<group>";
		};
		9D54F86628C4A44D002005AA /* hwtdrssTests */ = {
			isa = PBXGroup;
			children = (
				9D54F86728C4A44D002005AA /* hwtdrssTests.swift */,
			);
			path = hwtdrssTests;
			sourceTree = "<group>";
		};
		9D54F87028C4A44D002005AA /* hwtdrssUITests */ = {
			isa = PBXGroup;
			children = (
				9D54F87128C4A44D002005AA /* hwtdrssUITests.swift */,
				9D54F87328C4A44D002005AA /* hwtdrssUITestsLaunchTests.swift */,
			);
			path = hwtdrssUITests;
			sourceTree = "<group>";
		};
/* End PBXGroup section */

/* Begin PBXNativeTarget section */
		9D54F85228C4A444002005AA /* hwtdrss */ = {
			isa = PBXNativeTarget;
			buildConfigurationList = 9D54F87728C4A44D002005AA /* Build configuration list for PBXNativeTarget "hwtdrss" */;
			buildPhases = (
				9D54F84F28C4A444002005AA /* Sources */,
				9D54F85028C4A444002005AA /* Frameworks */,
				9D54F85128C4A444002005AA /* Resources */,
			);
			buildRules = (
			);
			dependencies = (
			);
			name = hwtdrss;
			productName = hwtdrss;
			productReference = 9D54F85328C4A444002005AA /* hwtdrss.app */;
			productType = "com.apple.product-type.application";
		};
		9D54F86228C4A44D002005AA /* hwtdrssTests */ = {
			isa = PBXNativeTarget;
			buildConfigurationList = 9D54F87A28C4A44D002005AA /* Build configuration list for PBXNativeTarget "hwtdrssTests" */;
			buildPhases = (
				9D54F85F28C4A44D002005AA /* Sources */,
				9D54F86028C4A44D002005AA /* Frameworks */,
				9D54F86128C4A44D002005AA /* Resources */,
			);
			buildRules = (
			);
			dependencies = (
				9D54F86528C4A44D002005AA /* PBXTargetDependency */,
			);
			name = hwtdrssTests;
			productName = hwtdrssTests;
			productReference = 9D54F86328C4A44D002005AA /* hwtdrssTests.xctest */;
			productType = "com.apple.product-type.bundle.unit-test";
		};
		9D54F86C28C4A44D002005AA /* hwtdrssUITests */ = {
			isa = PBXNativeTarget;
			buildConfigurationList = 9D54F87D28C4A44D002005AA /* Build configuration list for PBXNativeTarget "hwtdrssUITests" */;
			buildPhases = (
				9D54F86928C4A44D002005AA /* Sources */,
				9D54F86A28C4A44D002005AA /* Frameworks */,
				9D54F86B28C4A44D002005AA /* Resources */,
			);
			buildRules = (
			);
			dependencies = (
				9D54F86F28C4A44D002005AA /* PBXTargetDependency */,
			);
			name = hwtdrssUITests;
			productName = hwtdrssUITests;
			productReference = 9D54F86D28C4A44D002005AA /* hwtdrssUITests.xctest */;
			productType = "com.apple.product-type.bundle.ui-testing";
		};
/* End PBXNativeTarget section */

/* Begin PBXProject section */
		9D54F84B28C4A444002005AA /* Project object */ = {
			isa = PBXProject;
			attributes = {
				BuildIndependentTargetsInParallel = 1;
				LastSwiftUpdateCheck = 1340;
				LastUpgradeCheck = 1340;
				TargetAttributes = {
					9D54F85228C4A444002005AA = {
						CreatedOnToolsVersion = 13.4.1;
					};
					9D54F86228C4A44D002005AA = {
						CreatedOnToolsVersion = 13.4.1;
						TestTargetID = 9D54F85228C4A444002005AA;
					};
					9D54F86C28C4A44D002005AA = {
						CreatedOnToolsVersion = 13.4.1;
						TestTargetID = 9D54F85228C4A444002005AA;
					};
				};
			};
			buildConfigurationList = 9D54F84E28C4A444002005AA /* Build configuration list for PBXProject "hwtdrss" */;
			compatibilityVersion = "Xcode 13.0";
			developmentRegion = en;
			hasScannedForEncodings = 0;
			knownRegions = (
				en,
				Base,
			);
			mainGroup = 9D54F84A28C4A444002005AA;
			productRefGroup = 9D54F85428C4A444002005AA /* Products */;
			projectDirPath = "";
			projectRoot = "";
			targets = (
				9D54F85228C4A444002005AA /* hwtdrss */,
				9D54F86228C4A44D002005AA /* hwtdrssTests */,
				9D54F86C28C4A44D002005AA /* hwtdrssUITests */,
			);
		};
/* End PBXProject section */

/* Begin PBXResourcesBuildPhase section */
		9D54F85128C4A444002005AA /* Resources */ = {
			isa = PBXResourcesBuildPhase;
			buildActionMask = 2147483647;
			files = (
				9DBC3A9828CA4E5E00A3250F /* Launch Screen.storyboard in Resources */,
				9D54F85B28C4A44C002005AA /* Assets.xcassets in Resources */,
			);
			runOnlyForDeploymentPostprocessing = 0;
		};
		9D54F86128C4A44D002005AA /* Resources */ = {
			isa = PBXResourcesBuildPhase;
			buildActionMask = 2147483647;
			files = (
			);
			runOnlyForDeploymentPostprocessing = 0;
		};
		9D54F86B28C4A44D002005AA /* Resources */ = {
			isa = PBXResourcesBuildPhase;
			buildActionMask = 2147483647;
			files = (
			);
			runOnlyForDeploymentPostprocessing = 0;
		};
/* End PBXResourcesBuildPhase section */

/* Begin PBXSourcesBuildPhase section */
		9D54F84F28C4A444002005AA /* Sources */ = {
			isa = PBXSourcesBuildPhase;
			buildActionMask = 2147483647;
			files = (
				9368DEA92927DD80002F5DA4 /* WeatherService.swift in Sources */,
				9DCCDC5028D64E4C0031C067 /* SettingsView.swift in Sources */,
				9368DE9C2927D699002F5DA4 /* Color+.swift in Sources */,
				9DFBE98B29282DA2003F2316 /* AdviceModel.swift in Sources */,
				9D78481828CE5D9300FD2181 /* ProfileView.swift in Sources */,
				9368DEA02927D705002F5DA4 /* WeatherModel.swift in Sources */,
				9D54F85928C4A445002005AA /* ContentView.swift in Sources */,
				9DFBE98929282CDB003F2316 /* AdviceService.swift in Sources */,
				9D54F85728C4A445002005AA /* hwtdrssApp.swift in Sources */,
				9DBC3AA228CA732C00A3250F /* LaunchScreenView.swift in Sources */,
			);
			runOnlyForDeploymentPostprocessing = 0;
		};
		9D54F85F28C4A44D002005AA /* Sources */ = {
			isa = PBXSourcesBuildPhase;
			buildActionMask = 2147483647;
			files = (
				9D54F86828C4A44D002005AA /* hwtdrssTests.swift in Sources */,
			);
			runOnlyForDeploymentPostprocessing = 0;
		};
		9D54F86928C4A44D002005AA /* Sources */ = {
			isa = PBXSourcesBuildPhase;
			buildActionMask = 2147483647;
			files = (
				9D54F87428C4A44D002005AA /* hwtdrssUITestsLaunchTests.swift in Sources */,
				9D54F87228C4A44D002005AA /* hwtdrssUITests.swift in Sources */,
			);
			runOnlyForDeploymentPostprocessing = 0;
		};
/* End PBXSourcesBuildPhase section */

/* Begin PBXTargetDependency section */
		9D54F86528C4A44D002005AA /* PBXTargetDependency */ = {
			isa = PBXTargetDependency;
			target = 9D54F85228C4A444002005AA /* hwtdrss */;
			targetProxy = 9D54F86428C4A44D002005AA /* PBXContainerItemProxy */;
		};
		9D54F86F28C4A44D002005AA /* PBXTargetDependency */ = {
			isa = PBXTargetDependency;
			target = 9D54F85228C4A444002005AA /* hwtdrss */;
			targetProxy = 9D54F86E28C4A44D002005AA /* PBXContainerItemProxy */;
		};
/* End PBXTargetDependency section */

/* Begin XCBuildConfiguration section */
		9D54F87528C4A44D002005AA /* Debug */ = {
			isa = XCBuildConfiguration;
			buildSettings = {
				ALWAYS_SEARCH_USER_PATHS = NO;
				CLANG_ANALYZER_NONNULL = YES;
				CLANG_ANALYZER_NUMBER_OBJECT_CONVERSION = YES_AGGRESSIVE;
				CLANG_CXX_LANGUAGE_STANDARD = "gnu++17";
				CLANG_ENABLE_MODULES = YES;
				CLANG_ENABLE_OBJC_ARC = YES;
				CLANG_ENABLE_OBJC_WEAK = YES;
				CLANG_WARN_BLOCK_CAPTURE_AUTORELEASING = YES;
				CLANG_WARN_BOOL_CONVERSION = YES;
				CLANG_WARN_COMMA = YES;
				CLANG_WARN_CONSTANT_CONVERSION = YES;
				CLANG_WARN_DEPRECATED_OBJC_IMPLEMENTATIONS = YES;
				CLANG_WARN_DIRECT_OBJC_ISA_USAGE = YES_ERROR;
				CLANG_WARN_DOCUMENTATION_COMMENTS = YES;
				CLANG_WARN_EMPTY_BODY = YES;
				CLANG_WARN_ENUM_CONVERSION = YES;
				CLANG_WARN_INFINITE_RECURSION = YES;
				CLANG_WARN_INT_CONVERSION = YES;
				CLANG_WARN_NON_LITERAL_NULL_CONVERSION = YES;
				CLANG_WARN_OBJC_IMPLICIT_RETAIN_SELF = YES;
				CLANG_WARN_OBJC_LITERAL_CONVERSION = YES;
				CLANG_WARN_OBJC_ROOT_CLASS = YES_ERROR;
				CLANG_WARN_QUOTED_INCLUDE_IN_FRAMEWORK_HEADER = YES;
				CLANG_WARN_RANGE_LOOP_ANALYSIS = YES;
				CLANG_WARN_STRICT_PROTOTYPES = YES;
				CLANG_WARN_SUSPICIOUS_MOVE = YES;
				CLANG_WARN_UNGUARDED_AVAILABILITY = YES_AGGRESSIVE;
				CLANG_WARN_UNREACHABLE_CODE = YES;
				CLANG_WARN__DUPLICATE_METHOD_MATCH = YES;
				COPY_PHASE_STRIP = NO;
				DEBUG_INFORMATION_FORMAT = dwarf;
				ENABLE_STRICT_OBJC_MSGSEND = YES;
				ENABLE_TESTABILITY = YES;
				GCC_C_LANGUAGE_STANDARD = gnu11;
				GCC_DYNAMIC_NO_PIC = NO;
				GCC_NO_COMMON_BLOCKS = YES;
				GCC_OPTIMIZATION_LEVEL = 0;
				GCC_PREPROCESSOR_DEFINITIONS = (
					"DEBUG=1",
					"$(inherited)",
				);
				GCC_WARN_64_TO_32_BIT_CONVERSION = YES;
				GCC_WARN_ABOUT_RETURN_TYPE = YES_ERROR;
				GCC_WARN_UNDECLARED_SELECTOR = YES;
				GCC_WARN_UNINITIALIZED_AUTOS = YES_AGGRESSIVE;
				GCC_WARN_UNUSED_FUNCTION = YES;
				GCC_WARN_UNUSED_VARIABLE = YES;
				IPHONEOS_DEPLOYMENT_TARGET = 15.5;
				MTL_ENABLE_DEBUG_INFO = INCLUDE_SOURCE;
				MTL_FAST_MATH = YES;
				ONLY_ACTIVE_ARCH = YES;
				SDKROOT = iphoneos;
				SWIFT_ACTIVE_COMPILATION_CONDITIONS = DEBUG;
				SWIFT_OPTIMIZATION_LEVEL = "-Onone";
			};
			name = Debug;
		};
		9D54F87628C4A44D002005AA /* Release */ = {
			isa = XCBuildConfiguration;
			buildSettings = {
				ALWAYS_SEARCH_USER_PATHS = NO;
				CLANG_ANALYZER_NONNULL = YES;
				CLANG_ANALYZER_NUMBER_OBJECT_CONVERSION = YES_AGGRESSIVE;
				CLANG_CXX_LANGUAGE_STANDARD = "gnu++17";
				CLANG_ENABLE_MODULES = YES;
				CLANG_ENABLE_OBJC_ARC = YES;
				CLANG_ENABLE_OBJC_WEAK = YES;
				CLANG_WARN_BLOCK_CAPTURE_AUTORELEASING = YES;
				CLANG_WARN_BOOL_CONVERSION = YES;
				CLANG_WARN_COMMA = YES;
				CLANG_WARN_CONSTANT_CONVERSION = YES;
				CLANG_WARN_DEPRECATED_OBJC_IMPLEMENTATIONS = YES;
				CLANG_WARN_DIRECT_OBJC_ISA_USAGE = YES_ERROR;
				CLANG_WARN_DOCUMENTATION_COMMENTS = YES;
				CLANG_WARN_EMPTY_BODY = YES;
				CLANG_WARN_ENUM_CONVERSION = YES;
				CLANG_WARN_INFINITE_RECURSION = YES;
				CLANG_WARN_INT_CONVERSION = YES;
				CLANG_WARN_NON_LITERAL_NULL_CONVERSION = YES;
				CLANG_WARN_OBJC_IMPLICIT_RETAIN_SELF = YES;
				CLANG_WARN_OBJC_LITERAL_CONVERSION = YES;
				CLANG_WARN_OBJC_ROOT_CLASS = YES_ERROR;
				CLANG_WARN_QUOTED_INCLUDE_IN_FRAMEWORK_HEADER = YES;
				CLANG_WARN_RANGE_LOOP_ANALYSIS = YES;
				CLANG_WARN_STRICT_PROTOTYPES = YES;
				CLANG_WARN_SUSPICIOUS_MOVE = YES;
				CLANG_WARN_UNGUARDED_AVAILABILITY = YES_AGGRESSIVE;
				CLANG_WARN_UNREACHABLE_CODE = YES;
				CLANG_WARN__DUPLICATE_METHOD_MATCH = YES;
				COPY_PHASE_STRIP = NO;
				DEBUG_INFORMATION_FORMAT = "dwarf-with-dsym";
				ENABLE_NS_ASSERTIONS = NO;
				ENABLE_STRICT_OBJC_MSGSEND = YES;
				GCC_C_LANGUAGE_STANDARD = gnu11;
				GCC_NO_COMMON_BLOCKS = YES;
				GCC_WARN_64_TO_32_BIT_CONVERSION = YES;
				GCC_WARN_ABOUT_RETURN_TYPE = YES_ERROR;
				GCC_WARN_UNDECLARED_SELECTOR = YES;
				GCC_WARN_UNINITIALIZED_AUTOS = YES_AGGRESSIVE;
				GCC_WARN_UNUSED_FUNCTION = YES;
				GCC_WARN_UNUSED_VARIABLE = YES;
				IPHONEOS_DEPLOYMENT_TARGET = 15.5;
				MTL_ENABLE_DEBUG_INFO = NO;
				MTL_FAST_MATH = YES;
				SDKROOT = iphoneos;
				SWIFT_COMPILATION_MODE = wholemodule;
				SWIFT_OPTIMIZATION_LEVEL = "-O";
				VALIDATE_PRODUCT = YES;
			};
			name = Release;
		};
		9D54F87828C4A44D002005AA /* Debug */ = {
			isa = XCBuildConfiguration;
			buildSettings = {
				ASSETCATALOG_COMPILER_APPICON_NAME = AppIcon;
				ASSETCATALOG_COMPILER_GLOBAL_ACCENT_COLOR_NAME = AccentColor;
				CODE_SIGN_STYLE = Automatic;
				CURRENT_PROJECT_VERSION = 1;
				DEVELOPMENT_ASSET_PATHS = "\"hwtdrss/Resorces/Assets.xcassets\"";
				DEVELOPMENT_TEAM = 2U3QZ2Y534;
				ENABLE_PREVIEWS = YES;
				GENERATE_INFOPLIST_FILE = YES;
				INFOPLIST_FILE = hwtdrss/Info.plist;
				INFOPLIST_KEY_CFBundleDisplayName = hwtdrss;
				INFOPLIST_KEY_LSApplicationCategoryType = "public.app-category.weather";
				INFOPLIST_KEY_UIApplicationSceneManifest_Generation = YES;
				INFOPLIST_KEY_UIApplicationSupportsIndirectInputEvents = YES;
				INFOPLIST_KEY_UISupportedInterfaceOrientations = UIInterfaceOrientationPortrait;
				INFOPLIST_KEY_UISupportedInterfaceOrientations_iPad = "UIInterfaceOrientationLandscapeLeft UIInterfaceOrientationLandscapeRight UIInterfaceOrientationPortrait UIInterfaceOrientationPortraitUpsideDown";
				LD_RUNPATH_SEARCH_PATHS = (
					"$(inherited)",
					"@executable_path/Frameworks",
				);
				MARKETING_VERSION = 1.0;
				PRODUCT_BUNDLE_IDENTIFIER = hwtdrssinc.hwtdrss;
				PRODUCT_NAME = "$(TARGET_NAME)";
				SWIFT_EMIT_LOC_STRINGS = YES;
				SWIFT_VERSION = 5.0;
				TARGETED_DEVICE_FAMILY = "1,2";
			};
			name = Debug;
		};
		9D54F87928C4A44D002005AA /* Release */ = {
			isa = XCBuildConfiguration;
			buildSettings = {
				ASSETCATALOG_COMPILER_APPICON_NAME = AppIcon;
				ASSETCATALOG_COMPILER_GLOBAL_ACCENT_COLOR_NAME = AccentColor;
				CODE_SIGN_STYLE = Automatic;
				CURRENT_PROJECT_VERSION = 1;
				DEVELOPMENT_ASSET_PATHS = "\"hwtdrss/Resorces/Assets.xcassets\"";
				DEVELOPMENT_TEAM = 2U3QZ2Y534;
				ENABLE_PREVIEWS = YES;
				GENERATE_INFOPLIST_FILE = YES;
				INFOPLIST_FILE = hwtdrss/Info.plist;
				INFOPLIST_KEY_CFBundleDisplayName = hwtdrss;
				INFOPLIST_KEY_LSApplicationCategoryType = "public.app-category.weather";
				INFOPLIST_KEY_UIApplicationSceneManifest_Generation = YES;
				INFOPLIST_KEY_UIApplicationSupportsIndirectInputEvents = YES;
				INFOPLIST_KEY_UISupportedInterfaceOrientations = UIInterfaceOrientationPortrait;
				INFOPLIST_KEY_UISupportedInterfaceOrientations_iPad = "UIInterfaceOrientationLandscapeLeft UIInterfaceOrientationLandscapeRight UIInterfaceOrientationPortrait UIInterfaceOrientationPortraitUpsideDown";
				LD_RUNPATH_SEARCH_PATHS = (
					"$(inherited)",
					"@executable_path/Frameworks",
				);
				MARKETING_VERSION = 1.0;
				PRODUCT_BUNDLE_IDENTIFIER = hwtdrssinc.hwtdrss;
				PRODUCT_NAME = "$(TARGET_NAME)";
				SWIFT_EMIT_LOC_STRINGS = YES;
				SWIFT_VERSION = 5.0;
				TARGETED_DEVICE_FAMILY = "1,2";
			};
			name = Release;
		};
		9D54F87B28C4A44D002005AA /* Debug */ = {
			isa = XCBuildConfiguration;
			buildSettings = {
				ALWAYS_EMBED_SWIFT_STANDARD_LIBRARIES = YES;
				BUNDLE_LOADER = "$(TEST_HOST)";
				CODE_SIGN_STYLE = Automatic;
				CURRENT_PROJECT_VERSION = 1;
				DEVELOPMENT_TEAM = 2U3QZ2Y534;
				GENERATE_INFOPLIST_FILE = YES;
				IPHONEOS_DEPLOYMENT_TARGET = 15.5;
				MARKETING_VERSION = 1.0;
				PRODUCT_BUNDLE_IDENTIFIER = hwtdrssinc.hwtdrssTests;
				PRODUCT_NAME = "$(TARGET_NAME)";
				SWIFT_EMIT_LOC_STRINGS = NO;
				SWIFT_VERSION = 5.0;
				TARGETED_DEVICE_FAMILY = "1,2";
				TEST_HOST = "$(BUILT_PRODUCTS_DIR)/hwtdrss.app/hwtdrss";
			};
			name = Debug;
		};
		9D54F87C28C4A44D002005AA /* Release */ = {
			isa = XCBuildConfiguration;
			buildSettings = {
				ALWAYS_EMBED_SWIFT_STANDARD_LIBRARIES = YES;
				BUNDLE_LOADER = "$(TEST_HOST)";
				CODE_SIGN_STYLE = Automatic;
				CURRENT_PROJECT_VERSION = 1;
				DEVELOPMENT_TEAM = 2U3QZ2Y534;
				GENERATE_INFOPLIST_FILE = YES;
				IPHONEOS_DEPLOYMENT_TARGET = 15.5;
				MARKETING_VERSION = 1.0;
				PRODUCT_BUNDLE_IDENTIFIER = hwtdrssinc.hwtdrssTests;
				PRODUCT_NAME = "$(TARGET_NAME)";
				SWIFT_EMIT_LOC_STRINGS = NO;
				SWIFT_VERSION = 5.0;
				TARGETED_DEVICE_FAMILY = "1,2";
				TEST_HOST = "$(BUILT_PRODUCTS_DIR)/hwtdrss.app/hwtdrss";
			};
			name = Release;
		};
		9D54F87E28C4A44D002005AA /* Debug */ = {
			isa = XCBuildConfiguration;
			buildSettings = {
				ALWAYS_EMBED_SWIFT_STANDARD_LIBRARIES = YES;
				CODE_SIGN_STYLE = Automatic;
				CURRENT_PROJECT_VERSION = 1;
				DEVELOPMENT_TEAM = 2U3QZ2Y534;
				GENERATE_INFOPLIST_FILE = YES;
				MARKETING_VERSION = 1.0;
				PRODUCT_BUNDLE_IDENTIFIER = hwtdrssinc.hwtdrssUITests;
				PRODUCT_NAME = "$(TARGET_NAME)";
				SWIFT_EMIT_LOC_STRINGS = NO;
				SWIFT_VERSION = 5.0;
				TARGETED_DEVICE_FAMILY = "1,2";
				TEST_TARGET_NAME = hwtdrss;
			};
			name = Debug;
		};
		9D54F87F28C4A44D002005AA /* Release */ = {
			isa = XCBuildConfiguration;
			buildSettings = {
				ALWAYS_EMBED_SWIFT_STANDARD_LIBRARIES = YES;
				CODE_SIGN_STYLE = Automatic;
				CURRENT_PROJECT_VERSION = 1;
				DEVELOPMENT_TEAM = 2U3QZ2Y534;
				GENERATE_INFOPLIST_FILE = YES;
				MARKETING_VERSION = 1.0;
				PRODUCT_BUNDLE_IDENTIFIER = hwtdrssinc.hwtdrssUITests;
				PRODUCT_NAME = "$(TARGET_NAME)";
				SWIFT_EMIT_LOC_STRINGS = NO;
				SWIFT_VERSION = 5.0;
				TARGETED_DEVICE_FAMILY = "1,2";
				TEST_TARGET_NAME = hwtdrss;
			};
			name = Release;
		};
/* End XCBuildConfiguration section */

/* Begin XCConfigurationList section */
		9D54F84E28C4A444002005AA /* Build configuration list for PBXProject "hwtdrss" */ = {
			isa = XCConfigurationList;
			buildConfigurations = (
				9D54F87528C4A44D002005AA /* Debug */,
				9D54F87628C4A44D002005AA /* Release */,
			);
			defaultConfigurationIsVisible = 0;
			defaultConfigurationName = Release;
		};
		9D54F87728C4A44D002005AA /* Build configuration list for PBXNativeTarget "hwtdrss" */ = {
			isa = XCConfigurationList;
			buildConfigurations = (
				9D54F87828C4A44D002005AA /* Debug */,
				9D54F87928C4A44D002005AA /* Release */,
			);
			defaultConfigurationIsVisible = 0;
			defaultConfigurationName = Release;
		};
		9D54F87A28C4A44D002005AA /* Build configuration list for PBXNativeTarget "hwtdrssTests" */ = {
			isa = XCConfigurationList;
			buildConfigurations = (
				9D54F87B28C4A44D002005AA /* Debug */,
				9D54F87C28C4A44D002005AA /* Release */,
			);
			defaultConfigurationIsVisible = 0;
			defaultConfigurationName = Release;
		};
		9D54F87D28C4A44D002005AA /* Build configuration list for PBXNativeTarget "hwtdrssUITests" */ = {
			isa = XCConfigurationList;
			buildConfigurations = (
				9D54F87E28C4A44D002005AA /* Debug */,
				9D54F87F28C4A44D002005AA /* Release */,
			);
			defaultConfigurationIsVisible = 0;
			defaultConfigurationName = Release;
		};
/* End XCConfigurationList section */
	};
	rootObject = 9D54F84B28C4A444002005AA /* Project object */;
}
